PODS:
  - SDWebImage (3.8.2):
    - SDWebImage/Core (= 3.8.2)
  - SDWebImage/Core (3.8.2)
  - Unbox (2.5.0)

DEPENDENCIES:
  - SDWebImage (~> 3.8)
  - Unbox

SPEC CHECKSUMS:
  SDWebImage: 098e97e6176540799c27e804c96653ee0833d13c
  Unbox: 30e437e6151a6de16139375fd4e8dd9a664cfbf7

PODFILE CHECKSUM: d2e5721f2f27098064901958ade973d64845d453

COCOAPODS: 1.2.1
