// !$*UTF8*$!
{
	archiveVersion = 1;
	classes = {
	};
	objectVersion = 46;
	objects = {

/* Begin PBXBuildFile section */
		0942416C1F13B5850002C7CF /* TwitterStore.swift in Sources */ = {isa = PBXBuildFile; fileRef = 0942416B1F13B5850002C7CF /* TwitterStore.swift */; };
		0979845B1F1399FD0068805F /* TwitterData.swift in Sources */ = {isa = PBXBuildFile; fileRef = 0979845A1F1399FD0068805F /* TwitterData.swift */; };
		099D08CB1F0CC6D7009A74D7 /* TwitterCore.framework in Frameworks */ = {isa = PBXBuildFile; fileRef = 099D08C71F0CC6D7009A74D7 /* TwitterCore.framework */; };
		099D08CC1F0CC6D7009A74D7 /* TwitterKit.framework in Frameworks */ = {isa = PBXBuildFile; fileRef = 099D08C81F0CC6D7009A74D7 /* TwitterKit.framework */; };
		099D08CD1F0CC6D7009A74D7 /* TwitterKitResources.bundle in Resources */ = {isa = PBXBuildFile; fileRef = 099D08C91F0CC6D7009A74D7 /* TwitterKitResources.bundle */; };
		099D08CE1F0CC6D7009A74D7 /* TwitterShareExtensionUIResources.bundle in Resources */ = {isa = PBXBuildFile; fileRef = 099D08CA1F0CC6D7009A74D7 /* TwitterShareExtensionUIResources.bundle */; };
		099D08D21F0CDD32009A74D7 /* TimelineControllerViewController.swift in Sources */ = {isa = PBXBuildFile; fileRef = 099D08D11F0CDD32009A74D7 /* TimelineControllerViewController.swift */; };
		09CBF2C41F0C8E7D005D1961 /* AppDelegate.swift in Sources */ = {isa = PBXBuildFile; fileRef = 09CBF2C31F0C8E7D005D1961 /* AppDelegate.swift */; };
		09CBF2C61F0C8E7D005D1961 /* TwitterHomeController.swift in Sources */ = {isa = PBXBuildFile; fileRef = 09CBF2C51F0C8E7D005D1961 /* TwitterHomeController.swift */; };
		09CBF2C91F0C8E7D005D1961 /* Main.storyboard in Resources */ = {isa = PBXBuildFile; fileRef = 09CBF2C71F0C8E7D005D1961 /* Main.storyboard */; };
		09CBF2CB1F0C8E7D005D1961 /* Assets.xcassets in Resources */ = {isa = PBXBuildFile; fileRef = 09CBF2CA1F0C8E7D005D1961 /* Assets.xcassets */; };
		09CBF2CE1F0C8E7D005D1961 /* LaunchScreen.storyboard in Resources */ = {isa = PBXBuildFile; fileRef = 09CBF2CC1F0C8E7D005D1961 /* LaunchScreen.storyboard */; };
		09EDFF8A1F0DF76200CB2150 /* TwitterApi.swift in Sources */ = {isa = PBXBuildFile; fileRef = 09EDFF891F0DF76200CB2150 /* TwitterApi.swift */; };
		09EDFF8C1F0E192F00CB2150 /* TimelineTableViewCell.swift in Sources */ = {isa = PBXBuildFile; fileRef = 09EDFF8B1F0E192F00CB2150 /* TimelineTableViewCell.swift */; };
/* End PBXBuildFile section */

/* Begin PBXFileReference section */
		0942416B1F13B5850002C7CF /* TwitterStore.swift */ = {isa = PBXFileReference; fileEncoding = 4; lastKnownFileType = sourcecode.swift; path = TwitterStore.swift; sourceTree = "<group>"; };
		0979845A1F1399FD0068805F /* TwitterData.swift */ = {isa = PBXFileReference; fileEncoding = 4; lastKnownFileType = sourcecode.swift; path = TwitterData.swift; sourceTree = "<group>"; };
		099D08C71F0CC6D7009A74D7 /* TwitterCore.framework */ = {isa = PBXFileReference; lastKnownFileType = wrapper.framework; path = TwitterCore.framework; sourceTree = "<group>"; };
		099D08C81F0CC6D7009A74D7 /* TwitterKit.framework */ = {isa = PBXFileReference; lastKnownFileType = wrapper.framework; path = TwitterKit.framework; sourceTree = "<group>"; };
		099D08C91F0CC6D7009A74D7 /* TwitterKitResources.bundle */ = {isa = PBXFileReference; lastKnownFileType = "wrapper.plug-in"; path = TwitterKitResources.bundle; sourceTree = "<group>"; };
		099D08CA1F0CC6D7009A74D7 /* TwitterShareExtensionUIResources.bundle */ = {isa = PBXFileReference; lastKnownFileType = "wrapper.plug-in"; path = TwitterShareExtensionUIResources.bundle; sourceTree = "<group>"; };
		099D08D11F0CDD32009A74D7 /* TimelineControllerViewController.swift */ = {isa = PBXFileReference; fileEncoding = 4; lastKnownFileType = sourcecode.swift; path = TimelineControllerViewController.swift; sourceTree = "<group>"; };
		09CBF2C01F0C8E7D005D1961 /* Twitter.app */ = {isa = PBXFileReference; explicitFileType = wrapper.application; includeInIndex = 0; path = Twitter.app; sourceTree = BUILT_PRODUCTS_DIR; };
		09CBF2C31F0C8E7D005D1961 /* AppDelegate.swift */ = {isa = PBXFileReference; lastKnownFileType = sourcecode.swift; path = AppDelegate.swift; sourceTree = "<group>"; };
		09CBF2C51F0C8E7D005D1961 /* TwitterHomeController.swift */ = {isa = PBXFileReference; lastKnownFileType = sourcecode.swift; path = TwitterHomeController.swift; sourceTree = "<group>"; };
		09CBF2C81F0C8E7D005D1961 /* Base */ = {isa = PBXFileReference; lastKnownFileType = file.storyboard; name = Base; path = Base.lproj/Main.storyboard; sourceTree = "<group>"; };
		09CBF2CA1F0C8E7D005D1961 /* Assets.xcassets */ = {isa = PBXFileReference; lastKnownFileType = folder.assetcatalog; path = Assets.xcassets; sourceTree = "<group>"; };
		09CBF2CD1F0C8E7D005D1961 /* Base */ = {isa = PBXFileReference; lastKnownFileType = file.storyboard; name = Base; path = Base.lproj/LaunchScreen.storyboard; sourceTree = "<group>"; };
		09CBF2CF1F0C8E7D005D1961 /* Info.plist */ = {isa = PBXFileReference; lastKnownFileType = text.plist.xml; path = Info.plist; sourceTree = "<group>"; };
		09EDFF891F0DF76200CB2150 /* TwitterApi.swift */ = {isa = PBXFileReference; fileEncoding = 4; lastKnownFileType = sourcecode.swift; path = TwitterApi.swift; sourceTree = "<group>"; };
		09EDFF8B1F0E192F00CB2150 /* TimelineTableViewCell.swift */ = {isa = PBXFileReference; fileEncoding = 4; lastKnownFileType = sourcecode.swift; path = TimelineTableViewCell.swift; sourceTree = "<group>"; };
/* End PBXFileReference section */

/* Begin PBXFrameworksBuildPhase section */
		09CBF2BD1F0C8E7D005D1961 /* Frameworks */ = {
			isa = PBXFrameworksBuildPhase;
			buildActionMask = 2147483647;
			files = (
				099D08CB1F0CC6D7009A74D7 /* TwitterCore.framework in Frameworks */,
				099D08CC1F0CC6D7009A74D7 /* TwitterKit.framework in Frameworks */,
			);
			runOnlyForDeploymentPostprocessing = 0;
		};
/* End PBXFrameworksBuildPhase section */

/* Begin PBXGroup section */
		09CBF2B71F0C8E7C005D1961 = {
			isa = PBXGroup;
			children = (
				09CBF2C21F0C8E7D005D1961 /* Twitter */,
				09CBF2C11F0C8E7D005D1961 /* Products */,
			);
			sourceTree = "<group>";
		};
		09CBF2C11F0C8E7D005D1961 /* Products */ = {
			isa = PBXGroup;
			children = (
				09CBF2C01F0C8E7D005D1961 /* Twitter.app */,
			);
			name = Products;
			sourceTree = "<group>";
		};
		09CBF2C21F0C8E7D005D1961 /* Twitter */ = {
			isa = PBXGroup;
			children = (
				099D08C71F0CC6D7009A74D7 /* TwitterCore.framework */,
				099D08C81F0CC6D7009A74D7 /* TwitterKit.framework */,
				099D08C91F0CC6D7009A74D7 /* TwitterKitResources.bundle */,
				099D08CA1F0CC6D7009A74D7 /* TwitterShareExtensionUIResources.bundle */,
				09CBF2C31F0C8E7D005D1961 /* AppDelegate.swift */,
				09CBF2C51F0C8E7D005D1961 /* TwitterHomeController.swift */,
				099D08D11F0CDD32009A74D7 /* TimelineControllerViewController.swift */,
				09CBF2C71F0C8E7D005D1961 /* Main.storyboard */,
				09CBF2CA1F0C8E7D005D1961 /* Assets.xcassets */,
				09CBF2CC1F0C8E7D005D1961 /* LaunchScreen.storyboard */,
				09CBF2CF1F0C8E7D005D1961 /* Info.plist */,
				09EDFF891F0DF76200CB2150 /* TwitterApi.swift */,
				09EDFF8B1F0E192F00CB2150 /* TimelineTableViewCell.swift */,
				0979845A1F1399FD0068805F /* TwitterData.swift */,
				0942416B1F13B5850002C7CF /* TwitterStore.swift */,
			);
			path = Twitter;
			sourceTree = "<group>";
		};
/* End PBXGroup section */

/* Begin PBXNativeTarget section */
		09CBF2BF1F0C8E7D005D1961 /* Twitter */ = {
			isa = PBXNativeTarget;
			buildConfigurationList = 09CBF2D21F0C8E7D005D1961 /* Build configuration list for PBXNativeTarget "Twitter" */;
			buildPhases = (
				09CBF2BC1F0C8E7D005D1961 /* Sources */,
				09CBF2BD1F0C8E7D005D1961 /* Frameworks */,
				09CBF2BE1F0C8E7D005D1961 /* Resources */,
				099D08B21F0CBB29009A74D7 /* ShellScript */,
			);
			buildRules = (
			);
			dependencies = (
			);
			name = Twitter;
			productName = Twitter;
			productReference = 09CBF2C01F0C8E7D005D1961 /* Twitter.app */;
			productType = "com.apple.product-type.application";
		};
/* End PBXNativeTarget section */

/* Begin PBXProject section */
		09CBF2B81F0C8E7C005D1961 /* Project object */ = {
			isa = PBXProject;
			attributes = {
				LastSwiftUpdateCheck = 0830;
				LastUpgradeCheck = 0830;
				ORGANIZATIONNAME = "Hoang Trong Anh";
				TargetAttributes = {
					09CBF2BF1F0C8E7D005D1961 = {
						CreatedOnToolsVersion = 8.3.3;
						DevelopmentTeam = 4G8LPTNB77;
						ProvisioningStyle = Automatic;
					};
				};
			};
			buildConfigurationList = 09CBF2BB1F0C8E7C005D1961 /* Build configuration list for PBXProject "Twitter" */;
			compatibilityVersion = "Xcode 3.2";
			developmentRegion = English;
			hasScannedForEncodings = 0;
			knownRegions = (
				en,
				Base,
			);
			mainGroup = 09CBF2B71F0C8E7C005D1961;
			productRefGroup = 09CBF2C11F0C8E7D005D1961 /* Products */;
			projectDirPath = "";
			projectRoot = "";
			targets = (
				09CBF2BF1F0C8E7D005D1961 /* Twitter */,
			);
		};
/* End PBXProject section */

/* Begin PBXResourcesBuildPhase section */
		09CBF2BE1F0C8E7D005D1961 /* Resources */ = {
			isa = PBXResourcesBuildPhase;
			buildActionMask = 2147483647;
			files = (
				099D08CD1F0CC6D7009A74D7 /* TwitterKitResources.bundle in Resources */,
				09CBF2CE1F0C8E7D005D1961 /* LaunchScreen.storyboard in Resources */,
				09CBF2CB1F0C8E7D005D1961 /* Assets.xcassets in Resources */,
				09CBF2C91F0C8E7D005D1961 /* Main.storyboard in Resources */,
				099D08CE1F0CC6D7009A74D7 /* TwitterShareExtensionUIResources.bundle in Resources */,
			);
			runOnlyForDeploymentPostprocessing = 0;
		};
/* End PBXResourcesBuildPhase section */

/* Begin PBXShellScriptBuildPhase section */
		099D08B21F0CBB29009A74D7 /* ShellScript */ = {
			isa = PBXShellScriptBuildPhase;
			buildActionMask = 2147483647;
			files = (
			);
			inputPaths = (
			);
			outputPaths = (
			);
			runOnlyForDeploymentPostprocessing = 0;
			shellPath = /bin/sh;
			shellScript = "";
		};
/* End PBXShellScriptBuildPhase section */

/* Begin PBXSourcesBuildPhase section */
		09CBF2BC1F0C8E7D005D1961 /* Sources */ = {
			isa = PBXSourcesBuildPhase;
			buildActionMask = 2147483647;
			files = (
				09EDFF8A1F0DF76200CB2150 /* TwitterApi.swift in Sources */,
				09CBF2C61F0C8E7D005D1961 /* TwitterHomeController.swift in Sources */,
				09EDFF8C1F0E192F00CB2150 /* TimelineTableViewCell.swift in Sources */,
				0942416C1F13B5850002C7CF /* TwitterStore.swift in Sources */,
				0979845B1F1399FD0068805F /* TwitterData.swift in Sources */,
				09CBF2C41F0C8E7D005D1961 /* AppDelegate.swift in Sources */,
				099D08D21F0CDD32009A74D7 /* TimelineControllerViewController.swift in Sources */,
			);
			runOnlyForDeploymentPostprocessing = 0;
		};
/* End PBXSourcesBuildPhase section */

/* Begin PBXVariantGroup section */
		09CBF2C71F0C8E7D005D1961 /* Main.storyboard */ = {
			isa = PBXVariantGroup;
			children = (
				09CBF2C81F0C8E7D005D1961 /* Base */,
			);
			name = Main.storyboard;
			sourceTree = "<group>";
		};
		09CBF2CC1F0C8E7D005D1961 /* LaunchScreen.storyboard */ = {
			isa = PBXVariantGroup;
			children = (
				09CBF2CD1F0C8E7D005D1961 /* Base */,
			);
			name = LaunchScreen.storyboard;
			sourceTree = "<group>";
		};
/* End PBXVariantGroup section */

/* Begin XCBuildConfiguration section */
		09CBF2D01F0C8E7D005D1961 /* Debug */ = {
			isa = XCBuildConfiguration;
			buildSettings = {
				ALWAYS_SEARCH_USER_PATHS = NO;
				CLANG_ANALYZER_NONNULL = YES;
				CLANG_ANALYZER_NUMBER_OBJECT_CONVERSION = YES_AGGRESSIVE;
				CLANG_CXX_LANGUAGE_STANDARD = "gnu++0x";
				CLANG_CXX_LIBRARY = "libc++";
				CLANG_ENABLE_MODULES = YES;
				CLANG_ENABLE_OBJC_ARC = YES;
				CLANG_WARN_BOOL_CONVERSION = YES;
				CLANG_WARN_CONSTANT_CONVERSION = YES;
				CLANG_WARN_DIRECT_OBJC_ISA_USAGE = YES_ERROR;
				CLANG_WARN_DOCUMENTATION_COMMENTS = YES;
				CLANG_WARN_EMPTY_BODY = YES;
				CLANG_WARN_ENUM_CONVERSION = YES;
				CLANG_WARN_INFINITE_RECURSION = YES;
				CLANG_WARN_INT_CONVERSION = YES;
				CLANG_WARN_OBJC_ROOT_CLASS = YES_ERROR;
				CLANG_WARN_SUSPICIOUS_MOVE = YES;
				CLANG_WARN_UNREACHABLE_CODE = YES;
				CLANG_WARN__DUPLICATE_METHOD_MATCH = YES;
				"CODE_SIGN_IDENTITY[sdk=iphoneos*]" = "iPhone Developer";
				COPY_PHASE_STRIP = NO;
				DEBUG_INFORMATION_FORMAT = dwarf;
				ENABLE_STRICT_OBJC_MSGSEND = YES;
				ENABLE_TESTABILITY = YES;
				GCC_C_LANGUAGE_STANDARD = gnu99;
				GCC_DYNAMIC_NO_PIC = NO;
				GCC_NO_COMMON_BLOCKS = YES;
				GCC_OPTIMIZATION_LEVEL = 0;
				GCC_PREPROCESSOR_DEFINITIONS = (
					"DEBUG=1",
					"$(inherited)",
				);
				GCC_WARN_64_TO_32_BIT_CONVERSION = YES;
				GCC_WARN_ABOUT_RETURN_TYPE = YES_ERROR;
				GCC_WARN_UNDECLARED_SELECTOR = YES;
				GCC_WARN_UNINITIALIZED_AUTOS = YES_AGGRESSIVE;
				GCC_WARN_UNUSED_FUNCTION = YES;
				GCC_WARN_UNUSED_VARIABLE = YES;
				IPHONEOS_DEPLOYMENT_TARGET = 10.3;
				MTL_ENABLE_DEBUG_INFO = YES;
				ONLY_ACTIVE_ARCH = YES;
				SDKROOT = iphoneos;
				SWIFT_ACTIVE_COMPILATION_CONDITIONS = DEBUG;
				SWIFT_OPTIMIZATION_LEVEL = "-Onone";
			};
			name = Debug;
		};
		09CBF2D11F0C8E7D005D1961 /* Release */ = {
			isa = XCBuildConfiguration;
			buildSettings = {
				ALWAYS_SEARCH_USER_PATHS = NO;
				CLANG_ANALYZER_NONNULL = YES;
				CLANG_ANALYZER_NUMBER_OBJECT_CONVERSION = YES_AGGRESSIVE;
				CLANG_CXX_LANGUAGE_STANDARD = "gnu++0x";
				CLANG_CXX_LIBRARY = "libc++";
				CLANG_ENABLE_MODULES = YES;
				CLANG_ENABLE_OBJC_ARC = YES;
				CLANG_WARN_BOOL_CONVERSION = YES;
				CLANG_WARN_CONSTANT_CONVERSION = YES;
				CLANG_WARN_DIRECT_OBJC_ISA_USAGE = YES_ERROR;
				CLANG_WARN_DOCUMENTATION_COMMENTS = YES;
				CLANG_WARN_EMPTY_BODY = YES;
				CLANG_WARN_ENUM_CONVERSION = YES;
				CLANG_WARN_INFINITE_RECURSION = YES;
				CLANG_WARN_INT_CONVERSION = YES;
				CLANG_WARN_OBJC_ROOT_CLASS = YES_ERROR;
				CLANG_WARN_SUSPICIOUS_MOVE = YES;
				CLANG_WARN_UNREACHABLE_CODE = YES;
				CLANG_WARN__DUPLICATE_METHOD_MATCH = YES;
				"CODE_SIGN_IDENTITY[sdk=iphoneos*]" = "iPhone Developer";
				COPY_PHASE_STRIP = NO;
				DEBUG_INFORMATION_FORMAT = "dwarf-with-dsym";
				ENABLE_NS_ASSERTIONS = NO;
				ENABLE_STRICT_OBJC_MSGSEND = YES;
				GCC_C_LANGUAGE_STANDARD = gnu99;
				GCC_NO_COMMON_BLOCKS = YES;
				GCC_WARN_64_TO_32_BIT_CONVERSION = YES;
				GCC_WARN_ABOUT_RETURN_TYPE = YES_ERROR;
				GCC_WARN_UNDECLARED_SELECTOR = YES;
				GCC_WARN_UNINITIALIZED_AUTOS = YES_AGGRESSIVE;
				GCC_WARN_UNUSED_FUNCTION = YES;
				GCC_WARN_UNUSED_VARIABLE = YES;
				IPHONEOS_DEPLOYMENT_TARGET = 10.3;
				MTL_ENABLE_DEBUG_INFO = NO;
				SDKROOT = iphoneos;
				SWIFT_OPTIMIZATION_LEVEL = "-Owholemodule";
				VALIDATE_PRODUCT = YES;
			};
			name = Release;
		};
		09CBF2D31F0C8E7D005D1961 /* Debug */ = {
			isa = XCBuildConfiguration;
			buildSettings = {
				ASSETCATALOG_COMPILER_APPICON_NAME = AppIcon;
				DEVELOPMENT_TEAM = 4G8LPTNB77;
				FRAMEWORK_SEARCH_PATHS = (
					"$(inherited)",
					"$(PROJECT_DIR)/Twitter",
				);
				INFOPLIST_FILE = Twitter/Info.plist;
				LD_RUNPATH_SEARCH_PATHS = "$(inherited) @executable_path/Frameworks";
				PRODUCT_BUNDLE_IDENTIFIER = iOS.Twitter;
				PRODUCT_NAME = "$(TARGET_NAME)";
				SWIFT_VERSION = 3.0;
			};
			name = Debug;
		};
		09CBF2D41F0C8E7D005D1961 /* Release */ = {
			isa = XCBuildConfiguration;
			buildSettings = {
				ASSETCATALOG_COMPILER_APPICON_NAME = AppIcon;
				DEVELOPMENT_TEAM = 4G8LPTNB77;
				FRAMEWORK_SEARCH_PATHS = (
					"$(inherited)",
					"$(PROJECT_DIR)/Twitter",
				);
				INFOPLIST_FILE = Twitter/Info.plist;
				LD_RUNPATH_SEARCH_PATHS = "$(inherited) @executable_path/Frameworks";
				PRODUCT_BUNDLE_IDENTIFIER = iOS.Twitter;
				PRODUCT_NAME = "$(TARGET_NAME)";
				SWIFT_VERSION = 3.0;
			};
			name = Release;
		};
/* End XCBuildConfiguration section */

/* Begin XCConfigurationList section */
		09CBF2BB1F0C8E7C005D1961 /* Build configuration list for PBXProject "Twitter" */ = {
			isa = XCConfigurationList;
			buildConfigurations = (
				09CBF2D01F0C8E7D005D1961 /* Debug */,
				09CBF2D11F0C8E7D005D1961 /* Release */,
			);
			defaultConfigurationIsVisible = 0;
			defaultConfigurationName = Release;
		};
		09CBF2D21F0C8E7D005D1961 /* Build configuration list for PBXNativeTarget "Twitter" */ = {
			isa = XCConfigurationList;
			buildConfigurations = (
				09CBF2D31F0C8E7D005D1961 /* Debug */,
				09CBF2D41F0C8E7D005D1961 /* Release */,
			);
			defaultConfigurationIsVisible = 0;
			defaultConfigurationName = Release;
		};
/* End XCConfigurationList section */
	};
	rootObject = 09CBF2B81F0C8E7C005D1961 /* Project object */;
}
